{
  "name": "quick-edits",
  "version": "0.2.7",
  "lockfileVersion": 3,
  "requires": true,
  "packages": {
    "": {
      "name": "quick-edits",
      "version": "0.2.7",
      "license": "SEE LICENSE IN LICENSE",
      "bin": {
        "quick-edits": "native-messaging/native-messaging"
      }
    }
  }
}
